
Microsoft Visual Studio Solution File, Format Version 12.00
# Visual Studio Version 17
VisualStudioVersion = 17.6.33815.320
MinimumVisualStudioVersion = 10.0.40219.1
Project("{FAE04EC0-301F-11D3-BF4B-00C04F79EFBC}") = "Assesment_SQLQuery9", "Assesment_SQLQuery9\Assesment_SQLQuery9.csproj", "{1252DB5C-CFA8-4976-8F86-1AEB00BB0337}"
EndProject
Global
	GlobalSection(SolutionConfigurationPlatforms) = preSolution
		Debug|Any CPU = Debug|Any CPU
		Release|Any CPU = Release|Any CPU
	EndGlobalSection
	GlobalSection(ProjectConfigurationPlatforms) = postSolution
		{1252DB5C-CFA8-4976-8F86-1AEB00BB0337}.Debug|Any CPU.ActiveCfg = Debug|Any CPU
		{1252DB5C-CFA8-4976-8F86-1AEB00BB0337}.Debug|Any CPU.Build.0 = Debug|Any CPU
		{1252DB5C-CFA8-4976-8F86-1AEB00BB0337}.Release|Any CPU.ActiveCfg = Release|Any CPU
		{1252DB5C-CFA8-4976-8F86-1AEB00BB0337}.Release|Any CPU.Build.0 = Release|Any CPU
	EndGlobalSection
	GlobalSection(SolutionProperties) = preSolution
		HideSolutionNode = FALSE
	EndGlobalSection
	GlobalSection(ExtensibilityGlobals) = postSolution
		SolutionGuid = {CEEBA728-09C0-4921-8647-FCA5AEA84E72}
	EndGlobalSection
EndGlobal
